{
    "_meta": {
        "hash": {
            "sha256": "7f410d7fab3c7cae5fa61b28440755793e1ffa728c4e9cd1c56ca1ba33633fbf"
        },
        "pipfile-spec": 6,
        "requires": {
            "python_version": "3.14"
        },
        "sources": [
            {
                "name": "pypi",
                "url": "https://pypi.org/simple",
                "verify_ssl": true
            }
        ]
    },
    "default": {
        "altgraph": {
            "hashes": [
                "sha256:c87b395dd12fabde9c99573a9749d67da8d29ef9de0125c7f536699b4a9bc9e7",
                "sha256:f3a22400bce1b0c701683820ac4f3b159cd301acab067c51c653e06961600597"
            ],
            "version": "==0.17.5"
        },
        "packaging": {
            "hashes": [
                "sha256:00243ae351a257117b6a241061796684b084ed1c516a08c48a3f7e147a9d80b4",
                "sha256:b36f1fef9334a5588b4166f8bcd26a14e521f2b55e6b9de3aaa80d3ff7a37529"
            ],
            "markers": "python_version >= '3.8'",
            "version": "==26.0"
        },
        "pefile": {
            "hashes": [
                "sha256:3ff6c5d8b43e8c37bb6e6dd5085658d658a7a0bdcd20b6a07b1fcfc1c4e9d632",
                "sha256:76f8b485dcd3b1bb8166f1128d395fa3d87af26360c2358fb75b80019b957c6f"
            ],
            "markers": "python_full_version >= '3.6.0'",
            "version": "==2024.8.26"
        },
        "pyinstaller": {
            "hashes": [
                "sha256:1ec54ef967996ca61dacba676227e2b23219878ccce5ee9d6f3aada7b8ed8abf",
                "sha256:3c5c251054fe4cfaa04c34a363dcfbf811545438cb7198304cd444756bc2edd2",
                "sha256:4190e76b74f0c4b5c5f11ac360928cd2e36ec8e3194d437bf6b8648c7bc0c134",
                "sha256:481a909c8e60c8692fc60fcb1344d984b44b943f8bc9682f2fcdae305ad297e6",
                "sha256:4ab2bb52e58448e14ddf9450601bdedd66800465043501c1d8f1cab87b60b122",
                "sha256:8bd68abd812d8a6ba33b9f1810e91fee0f325969733721b78151f0065319ca11",
                "sha256:a0fc5f6b3c55aa54353f0c74ffa59b1115433c1850c6f655d62b461a2ed6cbbe",
                "sha256:b5bb6536c6560330d364d91522250f254b107cf69129d9cbcd0e6727c570be33",
                "sha256:c2d5a539b0bfe6159d5522c8c70e1c0e487f22c2badae0f97d45246223b798ea",
                "sha256:da6d5c6391ccefe73554b9fa29b86001c8e378e0f20c2a4004f836ba537eff63",
                "sha256:e649ba6bd1b0b89b210ad92adb5fbdc8a42dd2c5ca4f72ef3a0bfec83a424b83",
                "sha256:ec73aeb8bd9b7f2f1240d328a4542e90b3c6e6fbc106014778431c616592a865"
            ],
            "index": "pypi",
            "markers": "python_version < '3.15' and python_version >= '3.8'",
            "version": "==6.19.0"
        },
        "pyinstaller-hooks-contrib": {
            "hashes": [
                "sha256:5ecd1068ad262afecadf07556279d2be52ca93a88b049fae17f1a2eb2969254a",
                "sha256:800d3a198a49a6cd0de2d7fb795005fdca7a0222ed9cb47c0691abd1c27b9310"
            ],
            "markers": "python_version >= '3.8'",
            "version": "==2026.3"
        },
        "pywin32-ctypes": {
            "hashes": [
                "sha256:8a1513379d709975552d202d942d9837758905c8d01eb82b8bcc30918929e7b8",
                "sha256:d162dc04946d704503b2edc4d55f3dba5c1d539ead017afa00142c38b9885755"
            ],
            "markers": "python_version >= '3.6'",
            "version": "==0.2.3"
        },
        "setuptools": {
            "hashes": [
                "sha256:7d872682c5d01cfde07da7bccc7b65469d3dca203318515ada1de5eda35efbf9",
                "sha256:a59e362652f08dcd477c78bb6e7bd9d80a7995bc73ce773050228a348ce2e5bb"
            ],
            "markers": "python_version >= '3.9'",
            "version": "==82.0.1"
        },
        "wxpython": {
            "hashes": [
                "sha256:0985f190565b94635f146989886196a7e9faced8911800910460919cb72668cc",
                "sha256:10bba0d56547f34d12b5450e8c73e32ff821aed10a2f34a0c666c8355eb9ee98",
                "sha256:1925485c9b90e79f869272eff2b99438538b00505f9d148d51358dc8e92116b6",
                "sha256:230ecb4de65a8d2f8bc30bccd4d64366ac3a7cf53759b77920de927d156ad9c5",
                "sha256:26f80c81a150c90c14b50cbb246b7048d65d737d0206d28a6860171b273af932",
                "sha256:310772b05372c2daa76fefa7e57d20106b522d53b49d3edc3d9ac1fde7e3782e",
                "sha256:3fd3649fc4752f1a02776b7057073c932e5229bbab2031762b01532bcc6bd074",
                "sha256:402c61ea6c9f2904b0e0c2ffbd04ed38ad6ae4f25e0d9de529dbf44da0685346",
                "sha256:44e836d1bccd99c38790bb034b6ecf70d9060f6734320560f7c4b0d006144793",
                "sha256:508de82ac2b64aa575a543949c44dc7f83a734622bed01d8501474ab454f7bb7",
                "sha256:5f7ec6b028e8b1c4cad1ecb5c8402c2cae7840a25758be0fc209e56df86d1cac",
                "sha256:74fc76f8d22226e607d7072278cc09052da0cda508dea14a9933b014a4e5aeeb",
                "sha256:77ac5335d8e4aae92732fc039df24a58181cdfb5bc7931692f1f9415e9eeee7d",
                "sha256:9bf5704eedd21bd1fe3143d8ed1cfe8250e1fbb651eb6c17a73533136745fe5a",
                "sha256:a5ecb93cc17e09e90d71a1f8d99a543268a5f019aeec058b24374926f79bb6fc",
                "sha256:ade4d6b39c39770146ce1010df7d7a5a767d148b478133d49c36dffb0880a174",
                "sha256:af2d8388eb3f0d8eaae0713a35c307293435ec279f215a2bbf521b738d7fc91b",
                "sha256:b794d9912464990ea1fd3744fb73fbd7446149e230e5a611ba40eb4ac74755a1",
                "sha256:c54962f0524662d16591a03c786cd4d71bc43c70ede8244e0a5a59aa3979d124",
                "sha256:c97ccd3f2da567eff43f71948d9ace86c91dc80aa834e7b2dbeacd95eabbe9c6",
                "sha256:cda1fb351caa4555bd18717f610c9a3b03d25e64db4a22e004b141f91d02fa8c",
                "sha256:d4439bf4b18ac720afbcf51c37d7822ba62ab6999501e96cce1dfc2f55a19344",
                "sha256:d7e3b69a1f2ad383e8305efee11130dbe7542b6f6d8d5ba02fdce3cfc4c67ad6",
                "sha256:e7079d9a7374b3fd5896bdea7c73faa8da52e1fbcce5368796b5c22d7de747a6",
                "sha256:eb1c228f0c20ed93f2799ebd81780abc7fd65cfa8f6b65e989b68c0c18c52707"
            ],
            "index": "pypi",
            "markers": "python_version >= '3.10'",
            "version": "==4.2.5"
        }
    },
    "develop": {}
}
